
Microsoft Visual Studio Solution File, Format Version 12.00
# Visual Studio Version 17
VisualStudioVersion = 17.7.34202.233
MinimumVisualStudioVersion = 10.0.40219.1
Project("{FAE04EC0-301F-11D3-BF4B-00C04F79EFBC}") = "pokeapi", "pokeapi\pokeapi.csproj", "{B32F3EA2-B6D0-44C4-8725-AE68CCE2D59E}"
EndProject
Global
	GlobalSection(SolutionConfigurationPlatforms) = preSolution
		Debug|Any CPU = Debug|Any CPU
		Release|Any CPU = Release|Any CPU
	EndGlobalSection
	GlobalSection(ProjectConfigurationPlatforms) = postSolution
		{B32F3EA2-B6D0-44C4-8725-AE68CCE2D59E}.Debug|Any CPU.ActiveCfg = Debug|Any CPU
		{B32F3EA2-B6D0-44C4-8725-AE68CCE2D59E}.Debug|Any CPU.Build.0 = Debug|Any CPU
		{B32F3EA2-B6D0-44C4-8725-AE68CCE2D59E}.Release|Any CPU.ActiveCfg = Release|Any CPU
		{B32F3EA2-B6D0-44C4-8725-AE68CCE2D59E}.Release|Any CPU.Build.0 = Release|Any CPU
	EndGlobalSection
	GlobalSection(SolutionProperties) = preSolution
		HideSolutionNode = FALSE
	EndGlobalSection
	GlobalSection(ExtensibilityGlobals) = postSolution
		SolutionGuid = {77EEA54F-DC90-4A03-8ED5-756B3B053385}
	EndGlobalSection
EndGlobal
